
Microsoft Visual Studio Solution File, Format Version 11.00
# Visual Studio 2010
Project("{FAE04EC0-301F-11D3-BF4B-00C04F79EFBC}") = "Horse Test", "Assembly-CSharp-firstpass.csproj", "{4081E5F9-1D20-8741-6878-4DABB5B01C96}"
EndProject
Project("{FAE04EC0-301F-11D3-BF4B-00C04F79EFBC}") = "Horse Test", "Assembly-CSharp.csproj", "{E1B6CF06-0CB1-0BAC-9E0A-55054B30F114}"
EndProject
Project("{FAE04EC0-301F-11D3-BF4B-00C04F79EFBC}") = "Horse Test", "Assembly-CSharp-Editor-firstpass.csproj", "{99C3BB2F-E619-A50A-7B8F-51463A87D76D}"
EndProject
Global
	GlobalSection(SolutionConfigurationPlatforms) = preSolution
		Debug|Any CPU = Debug|Any CPU
		Release|Any CPU = Release|Any CPU
	EndGlobalSection
	GlobalSection(ProjectConfigurationPlatforms) = postSolution
		{4081E5F9-1D20-8741-6878-4DABB5B01C96}.Debug|Any CPU.ActiveCfg = Debug|Any CPU
		{4081E5F9-1D20-8741-6878-4DABB5B01C96}.Debug|Any CPU.Build.0 = Debug|Any CPU
		{4081E5F9-1D20-8741-6878-4DABB5B01C96}.Release|Any CPU.ActiveCfg = Release|Any CPU
		{4081E5F9-1D20-8741-6878-4DABB5B01C96}.Release|Any CPU.Build.0 = Release|Any CPU
		{E1B6CF06-0CB1-0BAC-9E0A-55054B30F114}.Debug|Any CPU.ActiveCfg = Debug|Any CPU
		{E1B6CF06-0CB1-0BAC-9E0A-55054B30F114}.Debug|Any CPU.Build.0 = Debug|Any CPU
		{E1B6CF06-0CB1-0BAC-9E0A-55054B30F114}.Release|Any CPU.ActiveCfg = Release|Any CPU
		{E1B6CF06-0CB1-0BAC-9E0A-55054B30F114}.Release|Any CPU.Build.0 = Release|Any CPU
		{99C3BB2F-E619-A50A-7B8F-51463A87D76D}.Debug|Any CPU.ActiveCfg = Debug|Any CPU
		{99C3BB2F-E619-A50A-7B8F-51463A87D76D}.Debug|Any CPU.Build.0 = Debug|Any CPU
		{99C3BB2F-E619-A50A-7B8F-51463A87D76D}.Release|Any CPU.ActiveCfg = Release|Any CPU
		{99C3BB2F-E619-A50A-7B8F-51463A87D76D}.Release|Any CPU.Build.0 = Release|Any CPU
	EndGlobalSection
	GlobalSection(SolutionProperties) = preSolution
		HideSolutionNode = FALSE
	EndGlobalSection
	GlobalSection(MonoDevelopProperties) = preSolution
		StartupItem = Assembly-CSharp.csproj
	EndGlobalSection
EndGlobal
